
Microsoft Visual Studio Solution File, Format Version 12.00
# Visual Studio Version 17
VisualStudioVersion = 17.11.35327.3
MinimumVisualStudioVersion = 10.0.40219.1
Project("{FAE04EC0-301F-11D3-BF4B-00C04F79EFBC}") = "HappyFamily.Api", "HappyFamily.Api.csproj", "{2B5C32C0-D394-426F-8379-0DA430C953EA}"
EndProject
Project("{FAE04EC0-301F-11D3-BF4B-00C04F79EFBC}") = "HappyFamily.Application", "..\HappyFamily.Application\HappyFamily.Application.csproj", "{DF82C9DC-75AC-418E-8F9E-99EA266F0560}"
EndProject
Project("{FAE04EC0-301F-11D3-BF4B-00C04F79EFBC}") = "HappyFamily.Domain", "..\HappyFamily.Domain\HappyFamily.Domain.csproj", "{D53AAD7E-70D3-4FC6-BD17-5900A1CB5082}"
EndProject
Project("{FAE04EC0-301F-11D3-BF4B-00C04F79EFBC}") = "HappyFamily.Infrastructure", "..\HappyFamily.Infrastructure\HappyFamily.Infrastructure.csproj", "{1F72EDAB-EACC-4C73-B340-0FCE4FB03FB5}"
EndProject
Global
	GlobalSection(SolutionConfigurationPlatforms) = preSolution
		Debug|Any CPU = Debug|Any CPU
		Release|Any CPU = Release|Any CPU
	EndGlobalSection
	GlobalSection(ProjectConfigurationPlatforms) = postSolution
		{2B5C32C0-D394-426F-8379-0DA430C953EA}.Debug|Any CPU.ActiveCfg = Debug|Any CPU
		{2B5C32C0-D394-426F-8379-0DA430C953EA}.Debug|Any CPU.Build.0 = Debug|Any CPU
		{2B5C32C0-D394-426F-8379-0DA430C953EA}.Release|Any CPU.ActiveCfg = Release|Any CPU
		{2B5C32C0-D394-426F-8379-0DA430C953EA}.Release|Any CPU.Build.0 = Release|Any CPU
		{DF82C9DC-75AC-418E-8F9E-99EA266F0560}.Debug|Any CPU.ActiveCfg = Debug|Any CPU
		{DF82C9DC-75AC-418E-8F9E-99EA266F0560}.Debug|Any CPU.Build.0 = Debug|Any CPU
		{DF82C9DC-75AC-418E-8F9E-99EA266F0560}.Release|Any CPU.ActiveCfg = Release|Any CPU
		{DF82C9DC-75AC-418E-8F9E-99EA266F0560}.Release|Any CPU.Build.0 = Release|Any CPU
		{D53AAD7E-70D3-4FC6-BD17-5900A1CB5082}.Debug|Any CPU.ActiveCfg = Debug|Any CPU
		{D53AAD7E-70D3-4FC6-BD17-5900A1CB5082}.Debug|Any CPU.Build.0 = Debug|Any CPU
		{D53AAD7E-70D3-4FC6-BD17-5900A1CB5082}.Release|Any CPU.ActiveCfg = Release|Any CPU
		{D53AAD7E-70D3-4FC6-BD17-5900A1CB5082}.Release|Any CPU.Build.0 = Release|Any CPU
		{1F72EDAB-EACC-4C73-B340-0FCE4FB03FB5}.Debug|Any CPU.ActiveCfg = Debug|Any CPU
		{1F72EDAB-EACC-4C73-B340-0FCE4FB03FB5}.Debug|Any CPU.Build.0 = Debug|Any CPU
		{1F72EDAB-EACC-4C73-B340-0FCE4FB03FB5}.Release|Any CPU.ActiveCfg = Release|Any CPU
		{1F72EDAB-EACC-4C73-B340-0FCE4FB03FB5}.Release|Any CPU.Build.0 = Release|Any CPU
	EndGlobalSection
	GlobalSection(SolutionProperties) = preSolution
		HideSolutionNode = FALSE
	EndGlobalSection
	GlobalSection(ExtensibilityGlobals) = postSolution
		SolutionGuid = {CFF022D3-76C7-4A85-A22A-A4C921917545}
	EndGlobalSection
EndGlobal
